
Microsoft Visual Studio Solution File, Format Version 12.00
# Visual Studio Version 17
VisualStudioVersion = 17.14.37203.1 d17.14
MinimumVisualStudioVersion = 10.0.40219.1
Project("{FAE04EC0-301F-11D3-BF4B-00C04F79EFBC}") = "DiyetProgrami", "DiyetProgrami\DiyetProgrami.csproj", "{9655FB92-337D-4C5F-AE71-4F423F7AB772}"
EndProject
Global
	GlobalSection(SolutionConfigurationPlatforms) = preSolution
		Debug|Any CPU = Debug|Any CPU
		Release|Any CPU = Release|Any CPU
	EndGlobalSection
	GlobalSection(ProjectConfigurationPlatforms) = postSolution
		{9655FB92-337D-4C5F-AE71-4F423F7AB772}.Debug|Any CPU.ActiveCfg = Debug|Any CPU
		{9655FB92-337D-4C5F-AE71-4F423F7AB772}.Debug|Any CPU.Build.0 = Debug|Any CPU
		{9655FB92-337D-4C5F-AE71-4F423F7AB772}.Release|Any CPU.ActiveCfg = Release|Any CPU
		{9655FB92-337D-4C5F-AE71-4F423F7AB772}.Release|Any CPU.Build.0 = Release|Any CPU
	EndGlobalSection
	GlobalSection(SolutionProperties) = preSolution
		HideSolutionNode = FALSE
	EndGlobalSection
	GlobalSection(ExtensibilityGlobals) = postSolution
		SolutionGuid = {BED761EF-9BEF-460A-9F62-461F9FEA9887}
	EndGlobalSection
EndGlobal
